
Microsoft Visual Studio Solution File, Format Version 12.00
# Visual Studio Version 17
VisualStudioVersion = 17.6.33712.159
MinimumVisualStudioVersion = 10.0.40219.1
Project("{9A19103F-16F7-4668-BE54-9A1E7A4F7556}") = "RainFall", "RainFall.csproj", "{43D45A63-A3C9-4E33-8CF4-C48FFA4320B3}"
EndProject
Global
	GlobalSection(SolutionConfigurationPlatforms) = preSolution
		Debug|Any CPU = Debug|Any CPU
		Release|Any CPU = Release|Any CPU
	EndGlobalSection
	GlobalSection(ProjectConfigurationPlatforms) = postSolution
		{43D45A63-A3C9-4E33-8CF4-C48FFA4320B3}.Debug|Any CPU.ActiveCfg = Debug|Any CPU
		{43D45A63-A3C9-4E33-8CF4-C48FFA4320B3}.Debug|Any CPU.Build.0 = Debug|Any CPU
		{43D45A63-A3C9-4E33-8CF4-C48FFA4320B3}.Release|Any CPU.ActiveCfg = Release|Any CPU
		{43D45A63-A3C9-4E33-8CF4-C48FFA4320B3}.Release|Any CPU.Build.0 = Release|Any CPU
	EndGlobalSection
	GlobalSection(SolutionProperties) = preSolution
		HideSolutionNode = FALSE
	EndGlobalSection
	GlobalSection(ExtensibilityGlobals) = postSolution
		SolutionGuid = {8B84F910-6B04-4D7B-949E-EF2FC79249AC}
	EndGlobalSection
EndGlobal
